
Microsoft Visual Studio Solution File, Format Version 12.00
# Visual Studio Version 16
VisualStudioVersion = 16.0.30804.86
MinimumVisualStudioVersion = 10.0.40219.1
Project("{9A19103F-16F7-4668-BE54-9A1E7A4F7556}") = "WeepingSnake.WebService", "WeepingSnake.WebService\WeepingSnake.WebService.csproj", "{D6B1C4EC-BD1A-4810-A15C-E4193C4F52A0}"
EndProject
Project("{FAE04EC0-301F-11D3-BF4B-00C04F79EFBC}") = "WeepingSnake.ConsoleClient", "WeepingSnake.ConsoleClient\WeepingSnake.ConsoleClient.csproj", "{936E842E-5599-484F-B45D-E462F73804C7}"
EndProject
Global
	GlobalSection(SolutionConfigurationPlatforms) = preSolution
		Debug|Any CPU = Debug|Any CPU
		Release|Any CPU = Release|Any CPU
	EndGlobalSection
	GlobalSection(ProjectConfigurationPlatforms) = postSolution
		{D6B1C4EC-BD1A-4810-A15C-E4193C4F52A0}.Debug|Any CPU.ActiveCfg = Debug|Any CPU
		{D6B1C4EC-BD1A-4810-A15C-E4193C4F52A0}.Debug|Any CPU.Build.0 = Debug|Any CPU
		{D6B1C4EC-BD1A-4810-A15C-E4193C4F52A0}.Release|Any CPU.ActiveCfg = Release|Any CPU
		{D6B1C4EC-BD1A-4810-A15C-E4193C4F52A0}.Release|Any CPU.Build.0 = Release|Any CPU
		{936E842E-5599-484F-B45D-E462F73804C7}.Debug|Any CPU.ActiveCfg = Debug|Any CPU
		{936E842E-5599-484F-B45D-E462F73804C7}.Debug|Any CPU.Build.0 = Debug|Any CPU
		{936E842E-5599-484F-B45D-E462F73804C7}.Release|Any CPU.ActiveCfg = Release|Any CPU
		{936E842E-5599-484F-B45D-E462F73804C7}.Release|Any CPU.Build.0 = Release|Any CPU
	EndGlobalSection
	GlobalSection(SolutionProperties) = preSolution
		HideSolutionNode = FALSE
	EndGlobalSection
	GlobalSection(ExtensibilityGlobals) = postSolution
		SolutionGuid = {669EFE57-F659-4A95-AE68-1FF932E3CC65}
	EndGlobalSection
EndGlobal
